
Microsoft Visual Studio Solution File, Format Version 12.00
# Visual Studio 2012
Project("{FAE04EC0-301F-11D3-BF4B-00C04F79EFBC}") = "7.02 FiveDivsMoving", "7.02 FiveDivsMoving\7.02 FiveDivsMoving.csproj", "{DD5FC8C8-E852-493D-B97B-C5F15E270438}"
EndProject
Global
	GlobalSection(SolutionConfigurationPlatforms) = preSolution
		Debug|Any CPU = Debug|Any CPU
		Release|Any CPU = Release|Any CPU
	EndGlobalSection
	GlobalSection(ProjectConfigurationPlatforms) = postSolution
		{DD5FC8C8-E852-493D-B97B-C5F15E270438}.Debug|Any CPU.ActiveCfg = Debug|Any CPU
		{DD5FC8C8-E852-493D-B97B-C5F15E270438}.Debug|Any CPU.Build.0 = Debug|Any CPU
		{DD5FC8C8-E852-493D-B97B-C5F15E270438}.Release|Any CPU.ActiveCfg = Release|Any CPU
		{DD5FC8C8-E852-493D-B97B-C5F15E270438}.Release|Any CPU.Build.0 = Release|Any CPU
	EndGlobalSection
	GlobalSection(SolutionProperties) = preSolution
		HideSolutionNode = FALSE
	EndGlobalSection
EndGlobal
