
Microsoft Visual Studio Solution File, Format Version 12.00
# Visual Studio 2012
Project("{FAE04EC0-301F-11D3-BF4B-00C04F79EFBC}") = "8.01 ToDoList", "8.01 ToDoList\8.01 ToDoList.csproj", "{84527BB9-62B3-4BB7-9F2C-7EDBE442F91A}"
EndProject
Global
	GlobalSection(SolutionConfigurationPlatforms) = preSolution
		Debug|Any CPU = Debug|Any CPU
		Release|Any CPU = Release|Any CPU
	EndGlobalSection
	GlobalSection(ProjectConfigurationPlatforms) = postSolution
		{84527BB9-62B3-4BB7-9F2C-7EDBE442F91A}.Debug|Any CPU.ActiveCfg = Debug|Any CPU
		{84527BB9-62B3-4BB7-9F2C-7EDBE442F91A}.Debug|Any CPU.Build.0 = Debug|Any CPU
		{84527BB9-62B3-4BB7-9F2C-7EDBE442F91A}.Release|Any CPU.ActiveCfg = Release|Any CPU
		{84527BB9-62B3-4BB7-9F2C-7EDBE442F91A}.Release|Any CPU.Build.0 = Release|Any CPU
	EndGlobalSection
	GlobalSection(SolutionProperties) = preSolution
		HideSolutionNode = FALSE
	EndGlobalSection
EndGlobal
