
Microsoft Visual Studio Solution File, Format Version 12.00
# Visual Studio 2012
Project("{FAE04EC0-301F-11D3-BF4B-00C04F79EFBC}") = "7.01 RandomDivElements", "7.01 RandomDivElements\7.01 RandomDivElements.csproj", "{3AD6E333-EF47-4938-B197-28D4F0578565}"
EndProject
Global
	GlobalSection(SolutionConfigurationPlatforms) = preSolution
		Debug|Any CPU = Debug|Any CPU
		Release|Any CPU = Release|Any CPU
	EndGlobalSection
	GlobalSection(ProjectConfigurationPlatforms) = postSolution
		{3AD6E333-EF47-4938-B197-28D4F0578565}.Debug|Any CPU.ActiveCfg = Debug|Any CPU
		{3AD6E333-EF47-4938-B197-28D4F0578565}.Debug|Any CPU.Build.0 = Debug|Any CPU
		{3AD6E333-EF47-4938-B197-28D4F0578565}.Release|Any CPU.ActiveCfg = Release|Any CPU
		{3AD6E333-EF47-4938-B197-28D4F0578565}.Release|Any CPU.Build.0 = Release|Any CPU
	EndGlobalSection
	GlobalSection(SolutionProperties) = preSolution
		HideSolutionNode = FALSE
	EndGlobalSection
EndGlobal
